<?xml version="1.0" encoding="utf-8"?>
<Project ToolsVersion="4.0" xmlns="http://schemas.microsoft.com/developer/msbuild/2003">
  <ItemGroup>
    <Filter Include="Source Files">
      <UniqueIdentifier>{4FC737F1-C7A5-4376-A066-2A32D752A2FF}</UniqueIdentifier>
      <Extensions>cpp;c;cc;cxx;def;odl;idl;hpj;bat;asm;asmx</Extensions>
    </Filter>
    <Filter Include="Header Files">
      <UniqueIdentifier>{93995380-89BD-4b04-88EB-625FBE52EBFB}</UniqueIdentifier>
      <Extensions>h;hh;hpp;hxx;hm;inl;inc;ipp;xsd</Extensions>
    </Filter>
    <Filter Include="Resource Files">
      <UniqueIdentifier>{67DA6AB6-F800-4c08-8B7A-83BB121AAD01}</UniqueIdentifier>
      <Extensions>rc;ico;cur;bmp;dlg;rc2;rct;bin;rgs;gif;jpg;jpeg;jpe;resx;tiff;tif;png;wav;mfcribbon-ms</Extensions>
    </Filter>
  </ItemGroup>
  <ItemGroup>
    <ClCompile Include="..\..\XArrayLibrary\Ooura_fftsg_dbl.c">
      <Filter>Source Files</Filter>
    </ClCompile>
    <ClCompile Include="..\..\XArrayLibrary\Ooura_fftsg_flt.c">
      <Filter>Source Files</Filter>
    </ClCompile>
    <ClCompile Include="..\..\XArrayLibrary\Ooura_fftsg2d_dbl.c">
      <Filter>Source Files</Filter>
    </ClCompile>
    <ClCompile Include="..\..\XArrayLibrary\Ooura_fftsg2d_flt.c">
      <Filter>Source Files</Filter>
    </ClCompile>
    <ClCompile Include="..\..\XArrayLibrary\IXAHWave.cpp">
      <Filter>Source Files</Filter>
    </ClCompile>
    <ClCompile Include="..\..\XArrayLibrary\stdafx.cpp">
      <Filter>Source Files</Filter>
    </ClCompile>
    <ClCompile Include="..\..\XArrayLibrary\XA_file.cpp">
      <Filter>Source Files</Filter>
    </ClCompile>
    <ClCompile Include="..\..\XArrayLibrary\XA_ini.cpp">
      <Filter>Source Files</Filter>
    </ClCompile>
    <ClCompile Include="..\..\XArrayLibrary\XAHWave.cpp">
      <Filter>Source Files</Filter>
    </ClCompile>
    <ClCompile Include="MultisliceK.cpp">
      <Filter>Source Files</Filter>
    </ClCompile>
    <ClCompile Include="..\..\TemsimLibrary\AddIce.cpp">
      <Filter>Source Files</Filter>
    </ClCompile>
    <ClCompile Include="..\..\TemsimLibrary\autoslic.cpp">
      <Filter>Source Files</Filter>
    </ClCompile>
    <ClCompile Include="..\..\TemsimLibrary\autosliccmd.cpp">
      <Filter>Source Files</Filter>
    </ClCompile>
    <ClCompile Include="..\..\TemsimLibrary\cfpix.cpp">
      <Filter>Source Files</Filter>
    </ClCompile>
    <ClCompile Include="..\..\TemsimLibrary\floatTIFF.cpp">
      <Filter>Source Files</Filter>
    </ClCompile>
    <ClCompile Include="..\..\TemsimLibrary\slicelib.cpp">
      <Filter>Source Files</Filter>
    </ClCompile>
    <ClCompile Include="..\..\TemsimLibrary\pdb.cpp">
      <Filter>Source Files</Filter>
    </ClCompile>
    <ClCompile Include="..\..\XArrayLibrary\XArray.cpp">
      <Filter>Source Files</Filter>
    </ClCompile>
  </ItemGroup>
  <ItemGroup>
    <ClInclude Include="..\..\XArrayLibrary\IXAHead.h">
      <Filter>Header Files</Filter>
    </ClInclude>
    <ClInclude Include="..\..\XArrayLibrary\IXAHWave.h">
      <Filter>Header Files</Filter>
    </ClInclude>
    <ClInclude Include="..\..\XArrayLibrary\OouraFft.h">
      <Filter>Header Files</Filter>
    </ClInclude>
    <ClInclude Include="..\..\XArrayLibrary\stdafx.h">
      <Filter>Header Files</Filter>
    </ClInclude>
    <ClInclude Include="..\..\XArrayLibrary\XA_data.h">
      <Filter>Header Files</Filter>
    </ClInclude>
    <ClInclude Include="..\..\XArrayLibrary\XA_fft2.h">
      <Filter>Header Files</Filter>
    </ClInclude>
    <ClInclude Include="..\..\XArrayLibrary\XA_file.h">
      <Filter>Header Files</Filter>
    </ClInclude>
    <ClInclude Include="..\..\XArrayLibrary\XA_head1.h">
      <Filter>Header Files</Filter>
    </ClInclude>
    <ClInclude Include="..\..\XArrayLibrary\XA_head2.h">
      <Filter>Header Files</Filter>
    </ClInclude>
    <ClInclude Include="..\..\XArrayLibrary\XA_ini.h">
      <Filter>Header Files</Filter>
    </ClInclude>
    <ClInclude Include="..\..\XArrayLibrary\XA_nrrand.h">
      <Filter>Header Files</Filter>
    </ClInclude>
    <ClInclude Include="..\..\XArrayLibrary\XAHWave.h">
      <Filter>Header Files</Filter>
    </ClInclude>
    <ClInclude Include="..\..\XArrayLibrary\XArray.h">
      <Filter>Header Files</Filter>
    </ClInclude>
    <ClInclude Include="..\..\XArrayLibrary\XArray1D.h">
      <Filter>Header Files</Filter>
    </ClInclude>
    <ClInclude Include="..\..\XArrayLibrary\XArray2D.h">
      <Filter>Header Files</Filter>
    </ClInclude>
    <ClInclude Include="..\..\XArrayLibrary\XArray3D.h">
      <Filter>Header Files</Filter>
    </ClInclude>
    <ClInclude Include="..\..\XArrayLibrary\XA_spln2.h">
      <Filter>Header Files</Filter>
    </ClInclude>
    <ClInclude Include="..\..\XArrayLibrary\XA_tiff.h">
      <Filter>Header Files</Filter>
    </ClInclude>
    <ClInclude Include="..\..\TemsimLibrary\AddIce.h">
      <Filter>Header Files</Filter>
    </ClInclude>
    <ClInclude Include="..\..\TemsimLibrary\autoslic.hpp">
      <Filter>Header Files</Filter>
    </ClInclude>
    <ClInclude Include="..\..\TemsimLibrary\autosliccmd.h">
      <Filter>Header Files</Filter>
    </ClInclude>
    <ClInclude Include="..\..\TemsimLibrary\cfpix.hpp">
      <Filter>Header Files</Filter>
    </ClInclude>
    <ClInclude Include="..\..\TemsimLibrary\floatTIFF.hpp">
      <Filter>Header Files</Filter>
    </ClInclude>
    <ClInclude Include="..\..\TemsimLibrary\slicelib.hpp">
      <Filter>Header Files</Filter>
    </ClInclude>
    <ClInclude Include="..\..\TemsimLibrary\pdb.h">
      <Filter>Header Files</Filter>
    </ClInclude>
    <ClInclude Include="..\..\fftwlib\fftw3.h">
      <Filter>Header Files</Filter>
    </ClInclude>
    <ClInclude Include="..\..\XArrayLibrary\XA_move2.h">
      <Filter>Header Files</Filter>
    </ClInclude>
  </ItemGroup>
  <ItemGroup>
    <Text Include="MsctKirkland.txt">
      <Filter>Resource Files</Filter>
    </Text>
    <Text Include="ReadmeMsctKirkland.txt">
      <Filter>Resource Files</Filter>
    </Text>
    <Text Include="EvInsideAspartate.txt">
      <Filter>Resource Files</Filter>
    </Text>
    <Text Include="DefocusRand108_2_NEW2.txt">
      <Filter>Resource Files</Filter>
    </Text>
  </ItemGroup>
</Project>